
Microsoft Visual Studio Solution File, Format Version 12.00
# Visual Studio Version 17
VisualStudioVersion = 17.9.34723.18
MinimumVisualStudioVersion = 10.0.40219.1
Project("{FAE04EC0-301F-11D3-BF4B-00C04F79EFBC}") = "TesteBraveTech", "TesteBraveTech.csproj", "{472928D5-2272-4691-A3CB-531AFB2D1E90}"
EndProject
Global
	GlobalSection(SolutionConfigurationPlatforms) = preSolution
		Debug|Any CPU = Debug|Any CPU
		Release|Any CPU = Release|Any CPU
	EndGlobalSection
	GlobalSection(ProjectConfigurationPlatforms) = postSolution
		{472928D5-2272-4691-A3CB-531AFB2D1E90}.Debug|Any CPU.ActiveCfg = Debug|Any CPU
		{472928D5-2272-4691-A3CB-531AFB2D1E90}.Debug|Any CPU.Build.0 = Debug|Any CPU
		{472928D5-2272-4691-A3CB-531AFB2D1E90}.Release|Any CPU.ActiveCfg = Release|Any CPU
		{472928D5-2272-4691-A3CB-531AFB2D1E90}.Release|Any CPU.Build.0 = Release|Any CPU
	EndGlobalSection
	GlobalSection(SolutionProperties) = preSolution
		HideSolutionNode = FALSE
	EndGlobalSection
	GlobalSection(ExtensibilityGlobals) = postSolution
		SolutionGuid = {B2D255DE-9826-4E0B-BE57-F95E56F4F5C5}
	EndGlobalSection
EndGlobal
